{
  "name": "medication-tracker-load-tests",
  "version": "1.0.0",
  "lockfileVersion": 3,
  "requires": true,
  "packages": {
    "": {
      "name": "medication-tracker-load-tests",
      "version": "1.0.0",
      "devDependencies": {
        "@types/k6": "^0.47.3",
        "typescript": "^5.3.3"
      }
    },
    "node_modules/@types/k6": {
      "version": "0.47.3",
      "resolved": "https://registry.npmjs.org/@types/k6/-/k6-0.47.3.tgz",
      "integrity": "sha512-5epuxqaZ6oFYMDuzIK9H7GxJfApkCPiupiF5cKTfJvetmsImP/3F2nS22DoJ7/2XoieTLSffR8yyicGco9dpMw==",
      "dev": true,
      "license": "MIT"
    },
    "node_modules/typescript": {
      "version": "5.7.2",
      "resolved": "https://registry.npmjs.org/typescript/-/typescript-5.7.2.tgz",
      "integrity": "sha512-i5t66RHxDvVN40HfDd1PsEThGNnlMCMT3jMUuoh9/0TaqWevNontacunWyN02LA9/fIbEWlcHZcgTKb9QoaLfg==",
      "dev": true,
      "license": "Apache-2.0",
      "bin": {
        "tsc": "bin/tsc",
        "tsserver": "bin/tsserver"
      },
      "engines": {
        "node": ">=14.17"
      }
    }
  }
}
